# THIS IS AN AUTOGENERATED FILE. DO NOT EDIT THIS FILE DIRECTLY.
# yarn lockfile v1


"@popperjs/core@^2.11.2":
  version "2.11.2"
  resolved "https://registry.yarnpkg.com/@popperjs/core/-/core-2.11.2.tgz#830beaec4b4091a9e9398ac50f865ddea52186b9"
  integrity sha512-92FRmppjjqz29VMJ2dn+xdyXZBrMlE42AV6Kq6BwjWV7CNUW1hs2FtxSNLQE+gJhaZ6AAmYuO9y8dshhcBl7vA==
